{
  "name": "project",
  "lockfileVersion": 2,
  "requires": true,
  "packages": {
    "": {
      "dependencies": {
        "coverage-badge-creator": "^1.0.13"
      }
    },
    "node_modules/coverage-badge-creator": {
      "version": "1.0.13",
      "resolved": "https://registry.npmjs.org/coverage-badge-creator/-/coverage-badge-creator-1.0.13.tgz",
      "integrity": "sha512-vAumlxRIoYIregJWhijsB+oWbahdWZ6C7gveIagY1g7SAtK73qeOg2tyJ+20m650cLdyxz+eWaRHdbp+IL0zeg==",
      "bin": {
        "coverage-badge-creator": "lib/index.js"
      }
    }
  },
  "dependencies": {
    "coverage-badge-creator": {
      "version": "1.0.13",
      "resolved": "https://registry.npmjs.org/coverage-badge-creator/-/coverage-badge-creator-1.0.13.tgz",
      "integrity": "sha512-vAumlxRIoYIregJWhijsB+oWbahdWZ6C7gveIagY1g7SAtK73qeOg2tyJ+20m650cLdyxz+eWaRHdbp+IL0zeg=="
    }
  }
}
